
Microsoft Visual Studio Solution File, Format Version 12.00
# Visual Studio Version 17
VisualStudioVersion = 17.12.35527.113 d17.12
MinimumVisualStudioVersion = 10.0.40219.1
Project("{FAE04EC0-301F-11D3-BF4B-00C04F79EFBC}") = "InventoryApi", "InventoryApi\InventoryApi.csproj", "{0B959217-35FD-4BC4-8303-83D8AD72583C}"
EndProject
Global
	GlobalSection(SolutionConfigurationPlatforms) = preSolution
		Debug|Any CPU = Debug|Any CPU
		Release|Any CPU = Release|Any CPU
	EndGlobalSection
	GlobalSection(ProjectConfigurationPlatforms) = postSolution
		{0B959217-35FD-4BC4-8303-83D8AD72583C}.Debug|Any CPU.ActiveCfg = Debug|Any CPU
		{0B959217-35FD-4BC4-8303-83D8AD72583C}.Debug|Any CPU.Build.0 = Debug|Any CPU
		{0B959217-35FD-4BC4-8303-83D8AD72583C}.Release|Any CPU.ActiveCfg = Release|Any CPU
		{0B959217-35FD-4BC4-8303-83D8AD72583C}.Release|Any CPU.Build.0 = Release|Any CPU
	EndGlobalSection
	GlobalSection(SolutionProperties) = preSolution
		HideSolutionNode = FALSE
	EndGlobalSection
EndGlobal
